{
  "lockfileVersion": 1,
  "configVersion": 1,
  "workspaces": {
    "": {
      "name": "lichess-bot",
      "dependencies": {
        "@lichess/api": "^0.0.2",
        "@stockfish/bun": "^0.0.0",
      },
      "devDependencies": {
        "@types/bun": "^1.3.4",
        "oxfmt": "^0.18.0",
        "typescript": "^5.9.3",
      },
    },
  },
  "packages": {
    "@lichess/api": ["@lichess/api@0.0.2", "", { "dependencies": { "zod": "^4.1.12" } }, "sha512-ivqdQmnFr1IMEAqf0E6HwLc6RPgDj2NTsjTLxhJ04qbag+fMiDMgiL+D8cZct/qao0qExuYDBQtjJWZDNEW0AQ=="],

    "@oxfmt/darwin-arm64": ["@oxfmt/darwin-arm64@0.18.0", "", { "os": "darwin", "cpu": "arm64" }, "sha512-Dp3mOFUtLtG/0eDclI3rx2be5FEnUxh2T6zlq7Zx5Q1c+DS9LJF8H97nQx+O/OU+o0e0J90kN8Msf9v3j7Hhsg=="],

    "@oxfmt/darwin-x64": ["@oxfmt/darwin-x64@0.18.0", "", { "os": "darwin", "cpu": "x64" }, "sha512-Oe3KS4tdfLq+f1Ebje7D9BF7/0xmBYSMN6dWatSko1xfvu8oCZzKcNCcbwz0a8rBnoH/BnIiGFUEbgJDnA/JLQ=="],

    "@oxfmt/linux-arm64-gnu": ["@oxfmt/linux-arm64-gnu@0.18.0", "", { "os": "linux", "cpu": "arm64" }, "sha512-zW9z8LrAgL9bswgsaFOnQmoImCbq9YQST8B15FAoTeZYr9sb/VfdD6/PQEBLCptYlFmoTvmDNHjppi9g61NwHQ=="],

    "@oxfmt/linux-arm64-musl": ["@oxfmt/linux-arm64-musl@0.18.0", "", { "os": "linux", "cpu": "arm64" }, "sha512-mFnpcasZZv1s/+6YDPradhIgR2G7GWr+mnzgJMIKQOJAtX3b0vzG+FE4f7hDIZPEUhC0hvZSd8f31FjAtrX0aQ=="],

    "@oxfmt/linux-x64-gnu": ["@oxfmt/linux-x64-gnu@0.18.0", "", { "os": "linux", "cpu": "x64" }, "sha512-G1AXQNHVkPgVgRrAvDYdNi0x3gkvVyEmpL6WLMwoSjMnwYWQLt5/jrndHbS2Db8/CcmMo6VPP8lUQGvM4TRVaQ=="],

    "@oxfmt/linux-x64-musl": ["@oxfmt/linux-x64-musl@0.18.0", "", { "os": "linux", "cpu": "x64" }, "sha512-M/KEIMHDr5lcK9gDxgIGr9xVwX7Pfl3PZs+6e8SySuckMgoJMkee6uWxhMdxws3dfU94saAkVmNQzM2+l3hvtA=="],

    "@oxfmt/win32-arm64": ["@oxfmt/win32-arm64@0.18.0", "", { "os": "win32", "cpu": "arm64" }, "sha512-LunuNBTLOgfkYFjiHOeNHD/Ii5paO/GVyNPSEYBwEPULbdeMGnjHqxzQHLGU8QIQjwu55mp4uuBP0DAXTli2TQ=="],

    "@oxfmt/win32-x64": ["@oxfmt/win32-x64@0.18.0", "", { "os": "win32", "cpu": "x64" }, "sha512-0kJJwn4FPeGJ4uV6ofOCiY+oBKWg+RWpRjYc9bywTjDbxWR6JAqtuXkiARCJej8UD/rJeXnHYTF78sFALkwZyA=="],

    "@stockfish/bun": ["@stockfish/bun@0.0.0", "", {}, "sha512-Q1VlR5G1bBtC8FzHTq3sqjy+96eY1XKOmv5IXSWL2RPQBjE2MZNo0IG/L+XfTdWB7Xze0f8HBsENyYX1KQM8jQ=="],

    "@types/bun": ["@types/bun@1.3.4", "", { "dependencies": { "bun-types": "1.3.4" } }, "sha512-EEPTKXHP+zKGPkhRLv+HI0UEX8/o+65hqARxLy8Ov5rIxMBPNTjeZww00CIihrIQGEQBYg+0roO5qOnS/7boGA=="],

    "@types/node": ["@types/node@24.10.1", "", { "dependencies": { "undici-types": "~7.16.0" } }, "sha512-GNWcUTRBgIRJD5zj+Tq0fKOJ5XZajIiBroOF0yvj2bSU1WvNdYS/dn9UxwsujGW4JX06dnHyjV2y9rRaybH0iQ=="],

    "bun-types": ["bun-types@1.3.4", "", { "dependencies": { "@types/node": "*" } }, "sha512-5ua817+BZPZOlNaRgGBpZJOSAQ9RQ17pkwPD0yR7CfJg+r8DgIILByFifDTa+IPDDxzf5VNhtNlcKqFzDgJvlQ=="],

    "oxfmt": ["oxfmt@0.18.0", "", { "dependencies": { "tinypool": "2.0.0" }, "optionalDependencies": { "@oxfmt/darwin-arm64": "0.18.0", "@oxfmt/darwin-x64": "0.18.0", "@oxfmt/linux-arm64-gnu": "0.18.0", "@oxfmt/linux-arm64-musl": "0.18.0", "@oxfmt/linux-x64-gnu": "0.18.0", "@oxfmt/linux-x64-musl": "0.18.0", "@oxfmt/win32-arm64": "0.18.0", "@oxfmt/win32-x64": "0.18.0" }, "bin": { "oxfmt": "bin/oxfmt" } }, "sha512-XqVS+LQi7ARsFlIftB69+jGN2qQaJNBjQU2b9ZQYt+iaUV9digh+dBIsU0isQIZhaQ1ihxGFfsTYQXE/Oak8Qw=="],

    "tinypool": ["tinypool@2.0.0", "", {}, "sha512-/RX9RzeH2xU5ADE7n2Ykvmi9ED3FBGPAjw9u3zucrNNaEBIO0HPSYgL0NT7+3p147ojeSdaVu08F6hjpv31HJg=="],

    "typescript": ["typescript@5.9.3", "", { "bin": { "tsc": "bin/tsc", "tsserver": "bin/tsserver" } }, "sha512-jl1vZzPDinLr9eUt3J/t7V6FgNEw9QjvBPdysz9KfQDD41fQrC2Y4vKQdiaUpFT4bXlb1RHhLpp8wtm6M5TgSw=="],

    "undici-types": ["undici-types@7.16.0", "", {}, "sha512-Zz+aZWSj8LE6zoxD+xrjh4VfkIG8Ya6LvYkZqtUQGJPZjYl53ypCaUwWqo7eI0x66KBGeRo+mlBEkMSeSZ38Nw=="],

    "zod": ["zod@4.1.12", "", {}, "sha512-JInaHOamG8pt5+Ey8kGmdcAcg3OL9reK8ltczgHTAwNhMys/6ThXHityHxVV2p3fkw/c+MAvBHFVYHFZDmjMCQ=="],
  }
}
