{
  "lockfileVersion": 1,
  "configVersion": 1,
  "workspaces": {
    "": {
      "name": "lichess-bot",
      "dependencies": {
        "@lichess/api": "^0.0.2",
        "@stockfish/bun": "^0.0.0",
      },
      "devDependencies": {
        "@types/bun": "^1.3.6",
        "oxfmt": "^0.24.0",
        "typescript": "^5.9.3",
      },
    },
  },
  "packages": {
    "@lichess/api": ["@lichess/api@0.0.2", "", { "dependencies": { "zod": "^4.1.12" } }, "sha512-ivqdQmnFr1IMEAqf0E6HwLc6RPgDj2NTsjTLxhJ04qbag+fMiDMgiL+D8cZct/qao0qExuYDBQtjJWZDNEW0AQ=="],

    "@oxfmt/darwin-arm64": ["@oxfmt/darwin-arm64@0.24.0", "", { "os": "darwin", "cpu": "arm64" }, "sha512-aYXuGf/yq8nsyEcHindGhiz9I+GEqLkVq8CfPbd+6VE259CpPEH+CaGHEO1j6vIOmNr8KHRq+IAjeRO2uJpb8A=="],

    "@oxfmt/darwin-x64": ["@oxfmt/darwin-x64@0.24.0", "", { "os": "darwin", "cpu": "x64" }, "sha512-vs3b8Bs53hbiNvcNeBilzE/+IhDTWKjSBB3v/ztr664nZk65j0xr+5IHMBNz3CFppmX7o/aBta2PxY+t+4KoPg=="],

    "@oxfmt/linux-arm64-gnu": ["@oxfmt/linux-arm64-gnu@0.24.0", "", { "os": "linux", "cpu": "arm64" }, "sha512-ItPDOPoQ0wLj/s8osc5ch57uUcA1Wk8r0YdO8vLRpXA3UNg7KPOm1vdbkIZRRiSUphZcuX5ioOEetEK8H7RlTw=="],

    "@oxfmt/linux-arm64-musl": ["@oxfmt/linux-arm64-musl@0.24.0", "", { "os": "linux", "cpu": "arm64" }, "sha512-JkQO3WnQjQTJONx8nxdgVBfl6BBFfpp9bKhChYhWeakwJdr7QPOAWJ/v3FGZfr0TbqINwnNR74aVZayDDRyXEA=="],

    "@oxfmt/linux-x64-gnu": ["@oxfmt/linux-x64-gnu@0.24.0", "", { "os": "linux", "cpu": "x64" }, "sha512-N/SXlFO+2kak5gMt0oxApi0WXQDhwA0PShR0UbkY0PwtHjfSiDqJSOumyNqgQVoroKr1GNnoRmUqjZIz6DKIcw=="],

    "@oxfmt/linux-x64-musl": ["@oxfmt/linux-x64-musl@0.24.0", "", { "os": "linux", "cpu": "x64" }, "sha512-WM0pek5YDCQf50XQ7GLCE9sMBCMPW/NPAEPH/Hx6Qyir37lEsP4rUmSECo/QFNTU6KBc9NnsviAyJruWPpCMXw=="],

    "@oxfmt/win32-arm64": ["@oxfmt/win32-arm64@0.24.0", "", { "os": "win32", "cpu": "arm64" }, "sha512-vFCseli1KWtwdHrVlT/jWfZ8jP8oYpnPPEjI23mPLW8K/6GEJmmvy0PZP5NpWUFNTzX0lqie58XnrATJYAe9Xw=="],

    "@oxfmt/win32-x64": ["@oxfmt/win32-x64@0.24.0", "", { "os": "win32", "cpu": "x64" }, "sha512-0tmlNzcyewAnauNeBCq0xmAkmiKzl+H09p0IdHy+QKrTQdtixtf+AOjDAADbRfihkS+heF15Pjc4IyJMdAAJjw=="],

    "@stockfish/bun": ["@stockfish/bun@0.0.0", "", {}, "sha512-Q1VlR5G1bBtC8FzHTq3sqjy+96eY1XKOmv5IXSWL2RPQBjE2MZNo0IG/L+XfTdWB7Xze0f8HBsENyYX1KQM8jQ=="],

    "@types/bun": ["@types/bun@1.3.6", "", { "dependencies": { "bun-types": "1.3.6" } }, "sha512-uWCv6FO/8LcpREhenN1d1b6fcspAB+cefwD7uti8C8VffIv0Um08TKMn98FynpTiU38+y2dUO55T11NgDt8VAA=="],

    "@types/node": ["@types/node@24.10.1", "", { "dependencies": { "undici-types": "~7.16.0" } }, "sha512-GNWcUTRBgIRJD5zj+Tq0fKOJ5XZajIiBroOF0yvj2bSU1WvNdYS/dn9UxwsujGW4JX06dnHyjV2y9rRaybH0iQ=="],

    "bun-types": ["bun-types@1.3.6", "", { "dependencies": { "@types/node": "*" } }, "sha512-OlFwHcnNV99r//9v5IIOgQ9Uk37gZqrNMCcqEaExdkVq3Avwqok1bJFmvGMCkCE0FqzdY8VMOZpfpR3lwI+CsQ=="],

    "oxfmt": ["oxfmt@0.24.0", "", { "dependencies": { "tinypool": "2.0.0" }, "optionalDependencies": { "@oxfmt/darwin-arm64": "0.24.0", "@oxfmt/darwin-x64": "0.24.0", "@oxfmt/linux-arm64-gnu": "0.24.0", "@oxfmt/linux-arm64-musl": "0.24.0", "@oxfmt/linux-x64-gnu": "0.24.0", "@oxfmt/linux-x64-musl": "0.24.0", "@oxfmt/win32-arm64": "0.24.0", "@oxfmt/win32-x64": "0.24.0" }, "bin": { "oxfmt": "bin/oxfmt" } }, "sha512-UjeM3Peez8Tl7IJ9s5UwAoZSiDRMww7BEc21gDYxLq3S3/KqJnM3mjNxsoSHgmBvSeX6RBhoVc2MfC/+96RdSw=="],

    "tinypool": ["tinypool@2.0.0", "", {}, "sha512-/RX9RzeH2xU5ADE7n2Ykvmi9ED3FBGPAjw9u3zucrNNaEBIO0HPSYgL0NT7+3p147ojeSdaVu08F6hjpv31HJg=="],

    "typescript": ["typescript@5.9.3", "", { "bin": { "tsc": "bin/tsc", "tsserver": "bin/tsserver" } }, "sha512-jl1vZzPDinLr9eUt3J/t7V6FgNEw9QjvBPdysz9KfQDD41fQrC2Y4vKQdiaUpFT4bXlb1RHhLpp8wtm6M5TgSw=="],

    "undici-types": ["undici-types@7.16.0", "", {}, "sha512-Zz+aZWSj8LE6zoxD+xrjh4VfkIG8Ya6LvYkZqtUQGJPZjYl53ypCaUwWqo7eI0x66KBGeRo+mlBEkMSeSZ38Nw=="],

    "zod": ["zod@4.1.12", "", {}, "sha512-JInaHOamG8pt5+Ey8kGmdcAcg3OL9reK8ltczgHTAwNhMys/6ThXHityHxVV2p3fkw/c+MAvBHFVYHFZDmjMCQ=="],
  }
}
